
Microsoft Visual Studio Solution File, Format Version 12.00
# Visual Studio Version 17
VisualStudioVersion = 17.2.32526.322
MinimumVisualStudioVersion = 10.0.40219.1
Project("{FAE04EC0-301F-11D3-BF4B-00C04F79EFBC}") = "test2_ github_d+n", "test2_ github_d+n\test2_ github_d+n.csproj", "{A6FFC58E-A3E2-44CF-90AE-39AFF359D861}"
EndProject
Global
	GlobalSection(SolutionConfigurationPlatforms) = preSolution
		Debug|Any CPU = Debug|Any CPU
		Release|Any CPU = Release|Any CPU
	EndGlobalSection
	GlobalSection(ProjectConfigurationPlatforms) = postSolution
		{A6FFC58E-A3E2-44CF-90AE-39AFF359D861}.Debug|Any CPU.ActiveCfg = Debug|Any CPU
		{A6FFC58E-A3E2-44CF-90AE-39AFF359D861}.Debug|Any CPU.Build.0 = Debug|Any CPU
		{A6FFC58E-A3E2-44CF-90AE-39AFF359D861}.Release|Any CPU.ActiveCfg = Release|Any CPU
		{A6FFC58E-A3E2-44CF-90AE-39AFF359D861}.Release|Any CPU.Build.0 = Release|Any CPU
	EndGlobalSection
	GlobalSection(SolutionProperties) = preSolution
		HideSolutionNode = FALSE
	EndGlobalSection
	GlobalSection(ExtensibilityGlobals) = postSolution
		SolutionGuid = {E02C5B25-EBB5-4411-8847-7275E1322303}
	EndGlobalSection
EndGlobal
